
Microsoft Visual Studio Solution File, Format Version 12.00
# Visual Studio Version 17
VisualStudioVersion = 17.0.31612.314
MinimumVisualStudioVersion = 10.0.40219.1
Project("{FAE04EC0-301F-11D3-BF4B-00C04F79EFBC}") = "lb7App01", "lb7App01.csproj", "{5D6E20FD-3EA2-43B1-A618-F7842BF8A78D}"
EndProject
Global
	GlobalSection(SolutionConfigurationPlatforms) = preSolution
		Debug|Any CPU = Debug|Any CPU
		Release|Any CPU = Release|Any CPU
	EndGlobalSection
	GlobalSection(ProjectConfigurationPlatforms) = postSolution
		{5D6E20FD-3EA2-43B1-A618-F7842BF8A78D}.Debug|Any CPU.ActiveCfg = Debug|Any CPU
		{5D6E20FD-3EA2-43B1-A618-F7842BF8A78D}.Debug|Any CPU.Build.0 = Debug|Any CPU
		{5D6E20FD-3EA2-43B1-A618-F7842BF8A78D}.Release|Any CPU.ActiveCfg = Release|Any CPU
		{5D6E20FD-3EA2-43B1-A618-F7842BF8A78D}.Release|Any CPU.Build.0 = Release|Any CPU
	EndGlobalSection
	GlobalSection(SolutionProperties) = preSolution
		HideSolutionNode = FALSE
	EndGlobalSection
	GlobalSection(ExtensibilityGlobals) = postSolution
		SolutionGuid = {C549CA85-5AF6-4733-981A-158102399C2D}
	EndGlobalSection
EndGlobal
